
Microsoft Visual Studio Solution File, Format Version 12.00
# Visual Studio Version 16
VisualStudioVersion = 16.0.29306.81
MinimumVisualStudioVersion = 10.0.40219.1
Project("{FAE04EC0-301F-11D3-BF4B-00C04F79EFBC}") = "desafio56", "desafio56\desafio56.csproj", "{8167898B-6840-4F1B-A6DB-3BABB080BF78}"
EndProject
Global
	GlobalSection(SolutionConfigurationPlatforms) = preSolution
		Debug|Any CPU = Debug|Any CPU
		Release|Any CPU = Release|Any CPU
	EndGlobalSection
	GlobalSection(ProjectConfigurationPlatforms) = postSolution
		{8167898B-6840-4F1B-A6DB-3BABB080BF78}.Debug|Any CPU.ActiveCfg = Debug|Any CPU
		{8167898B-6840-4F1B-A6DB-3BABB080BF78}.Debug|Any CPU.Build.0 = Debug|Any CPU
		{8167898B-6840-4F1B-A6DB-3BABB080BF78}.Release|Any CPU.ActiveCfg = Release|Any CPU
		{8167898B-6840-4F1B-A6DB-3BABB080BF78}.Release|Any CPU.Build.0 = Release|Any CPU
	EndGlobalSection
	GlobalSection(SolutionProperties) = preSolution
		HideSolutionNode = FALSE
	EndGlobalSection
	GlobalSection(ExtensibilityGlobals) = postSolution
		SolutionGuid = {D4EC35A0-7242-4892-83AC-AE60D323F9F1}
	EndGlobalSection
EndGlobal
